
Microsoft Visual Studio Solution File, Format Version 12.00
# Visual Studio Version 16
VisualStudioVersion = 16.0.30621.155
MinimumVisualStudioVersion = 10.0.40219.1
Project("{FAE04EC0-301F-11D3-BF4B-00C04F79EFBC}") = "DUALKA 2", "DUALKA 2\DUALKA 2.csproj", "{4F47E102-C49F-43B3-AB19-B72193B75233}"
EndProject
Global
	GlobalSection(SolutionConfigurationPlatforms) = preSolution
		Debug|Any CPU = Debug|Any CPU
		Release|Any CPU = Release|Any CPU
	EndGlobalSection
	GlobalSection(ProjectConfigurationPlatforms) = postSolution
		{4F47E102-C49F-43B3-AB19-B72193B75233}.Debug|Any CPU.ActiveCfg = Debug|Any CPU
		{4F47E102-C49F-43B3-AB19-B72193B75233}.Debug|Any CPU.Build.0 = Debug|Any CPU
		{4F47E102-C49F-43B3-AB19-B72193B75233}.Release|Any CPU.ActiveCfg = Release|Any CPU
		{4F47E102-C49F-43B3-AB19-B72193B75233}.Release|Any CPU.Build.0 = Release|Any CPU
	EndGlobalSection
	GlobalSection(SolutionProperties) = preSolution
		HideSolutionNode = FALSE
	EndGlobalSection
	GlobalSection(ExtensibilityGlobals) = postSolution
		SolutionGuid = {DC2ED115-2AA8-4B54-B259-BC1A86B9FA56}
	EndGlobalSection
EndGlobal
