
Microsoft Visual Studio Solution File, Format Version 12.00
# Visual Studio Version 16
VisualStudioVersion = 16.0.30621.155
MinimumVisualStudioVersion = 10.0.40219.1
Project("{FAE04EC0-301F-11D3-BF4B-00C04F79EFBC}") = "DUALKA 1", "DUALKA 1\DUALKA 1.csproj", "{B3895057-3012-4DD8-AFE3-14E236FA454B}"
EndProject
Global
	GlobalSection(SolutionConfigurationPlatforms) = preSolution
		Debug|Any CPU = Debug|Any CPU
		Release|Any CPU = Release|Any CPU
	EndGlobalSection
	GlobalSection(ProjectConfigurationPlatforms) = postSolution
		{B3895057-3012-4DD8-AFE3-14E236FA454B}.Debug|Any CPU.ActiveCfg = Debug|Any CPU
		{B3895057-3012-4DD8-AFE3-14E236FA454B}.Debug|Any CPU.Build.0 = Debug|Any CPU
		{B3895057-3012-4DD8-AFE3-14E236FA454B}.Release|Any CPU.ActiveCfg = Release|Any CPU
		{B3895057-3012-4DD8-AFE3-14E236FA454B}.Release|Any CPU.Build.0 = Release|Any CPU
	EndGlobalSection
	GlobalSection(SolutionProperties) = preSolution
		HideSolutionNode = FALSE
	EndGlobalSection
	GlobalSection(ExtensibilityGlobals) = postSolution
		SolutionGuid = {FB0C7B7F-CE76-4906-98A3-D399A1D44A56}
	EndGlobalSection
EndGlobal
