
Microsoft Visual Studio Solution File, Format Version 12.00
# Visual Studio Version 16
VisualStudioVersion = 16.0.30621.155
MinimumVisualStudioVersion = 10.0.40219.1
Project("{FAE04EC0-301F-11D3-BF4B-00C04F79EFBC}") = "Homework - 1", "Homework - 1\Homework - 1.csproj", "{FD884827-1755-4563-8D3C-693948637222}"
EndProject
Global
	GlobalSection(SolutionConfigurationPlatforms) = preSolution
		Debug|Any CPU = Debug|Any CPU
		Release|Any CPU = Release|Any CPU
	EndGlobalSection
	GlobalSection(ProjectConfigurationPlatforms) = postSolution
		{FD884827-1755-4563-8D3C-693948637222}.Debug|Any CPU.ActiveCfg = Debug|Any CPU
		{FD884827-1755-4563-8D3C-693948637222}.Debug|Any CPU.Build.0 = Debug|Any CPU
		{FD884827-1755-4563-8D3C-693948637222}.Release|Any CPU.ActiveCfg = Release|Any CPU
		{FD884827-1755-4563-8D3C-693948637222}.Release|Any CPU.Build.0 = Release|Any CPU
	EndGlobalSection
	GlobalSection(SolutionProperties) = preSolution
		HideSolutionNode = FALSE
	EndGlobalSection
	GlobalSection(ExtensibilityGlobals) = postSolution
		SolutionGuid = {8750D6A4-2F0D-41CA-8E34-1CC706167C3E}
	EndGlobalSection
EndGlobal
